
Microsoft Visual Studio Solution File, Format Version 12.00
# Visual Studio Version 17
VisualStudioVersion = 17.5.33414.496
MinimumVisualStudioVersion = 10.0.40219.1
Project("{FAE04EC0-301F-11D3-BF4B-00C04F79EFBC}") = "SigiMP", "SigiMP.csproj", "{7486D363-3A16-40A7-9357-924113E47C7C}"
EndProject
Global
	GlobalSection(SolutionConfigurationPlatforms) = preSolution
		Debug|Any CPU = Debug|Any CPU
		Release|Any CPU = Release|Any CPU
	EndGlobalSection
	GlobalSection(ProjectConfigurationPlatforms) = postSolution
		{7486D363-3A16-40A7-9357-924113E47C7C}.Debug|Any CPU.ActiveCfg = Debug|Any CPU
		{7486D363-3A16-40A7-9357-924113E47C7C}.Debug|Any CPU.Build.0 = Debug|Any CPU
		{7486D363-3A16-40A7-9357-924113E47C7C}.Release|Any CPU.ActiveCfg = Release|Any CPU
		{7486D363-3A16-40A7-9357-924113E47C7C}.Release|Any CPU.Build.0 = Release|Any CPU
	EndGlobalSection
	GlobalSection(SolutionProperties) = preSolution
		HideSolutionNode = FALSE
	EndGlobalSection
	GlobalSection(ExtensibilityGlobals) = postSolution
		SolutionGuid = {17E8CC60-4AB0-4ED6-8E96-059350AAA8BF}
	EndGlobalSection
EndGlobal
